
Microsoft Visual Studio Solution File, Format Version 12.00
# Visual Studio Version 16
VisualStudioVersion = 16.0.30128.74
MinimumVisualStudioVersion = 10.0.40219.1
Project("{9A19103F-16F7-4668-BE54-9A1E7A4F7556}") = "UzunTec.API.Authentication.RestAPI", "UzunTec.API.Authentication.RestAPI\UzunTec.API.Authentication.RestAPI.csproj", "{71C7E1C1-5237-4411-89DA-CB166580CC81}"
EndProject
Project("{9A19103F-16F7-4668-BE54-9A1E7A4F7556}") = "UzunTec.API.Authentication.Engine", "UzunTec.API.Authentication.Engine\UzunTec.API.Authentication.Engine.csproj", "{A9047DB7-DE53-47BD-BA89-20345F035426}"
EndProject
Global
	GlobalSection(SolutionConfigurationPlatforms) = preSolution
		Debug|Any CPU = Debug|Any CPU
		Release|Any CPU = Release|Any CPU
	EndGlobalSection
	GlobalSection(ProjectConfigurationPlatforms) = postSolution
		{71C7E1C1-5237-4411-89DA-CB166580CC81}.Debug|Any CPU.ActiveCfg = Debug|Any CPU
		{71C7E1C1-5237-4411-89DA-CB166580CC81}.Debug|Any CPU.Build.0 = Debug|Any CPU
		{71C7E1C1-5237-4411-89DA-CB166580CC81}.Release|Any CPU.ActiveCfg = Release|Any CPU
		{71C7E1C1-5237-4411-89DA-CB166580CC81}.Release|Any CPU.Build.0 = Release|Any CPU
		{A9047DB7-DE53-47BD-BA89-20345F035426}.Debug|Any CPU.ActiveCfg = Debug|Any CPU
		{A9047DB7-DE53-47BD-BA89-20345F035426}.Debug|Any CPU.Build.0 = Debug|Any CPU
		{A9047DB7-DE53-47BD-BA89-20345F035426}.Release|Any CPU.ActiveCfg = Release|Any CPU
		{A9047DB7-DE53-47BD-BA89-20345F035426}.Release|Any CPU.Build.0 = Release|Any CPU
	EndGlobalSection
	GlobalSection(SolutionProperties) = preSolution
		HideSolutionNode = FALSE
	EndGlobalSection
	GlobalSection(ExtensibilityGlobals) = postSolution
		SolutionGuid = {70CE06E7-474C-46BD-95F3-98489D6CDEEB}
	EndGlobalSection
EndGlobal
